// !$*UTF8*$!
{
	archiveVersion = 1;
	classes = {
	};
	objectVersion = 46;
	objects = {

/* Begin PBXBuildFile section */
		F76C8B701A1BD45D00BDFBC8 /* VideoGame.m in Sources */ = {isa = PBXBuildFile; fileRef = F76C8B6F1A1BD45D00BDFBC8 /* VideoGame.m */; };
		F76C8B761A1BDA2C00BDFBC8 /* TableViewController.m in Sources */ = {isa = PBXBuildFile; fileRef = F76C8B751A1BDA2C00BDFBC8 /* TableViewController.m */; };
		F76C8B791A1BDDDA00BDFBC8 /* VideoGameCell.m in Sources */ = {isa = PBXBuildFile; fileRef = F76C8B781A1BDDDA00BDFBC8 /* VideoGameCell.m */; };
		F7B2E9F51A1BD12E00727A42 /* main.m in Sources */ = {isa = PBXBuildFile; fileRef = F7B2E9F41A1BD12E00727A42 /* main.m */; };
		F7B2E9F81A1BD12E00727A42 /* AppDelegate.m in Sources */ = {isa = PBXBuildFile; fileRef = F7B2E9F71A1BD12E00727A42 /* AppDelegate.m */; };
		F7B2E9FE1A1BD12E00727A42 /* Main.storyboard in Resources */ = {isa = PBXBuildFile; fileRef = F7B2E9FC1A1BD12E00727A42 /* Main.storyboard */; };
		F7B2EA001A1BD12E00727A42 /* Images.xcassets in Resources */ = {isa = PBXBuildFile; fileRef = F7B2E9FF1A1BD12E00727A42 /* Images.xcassets */; };
		F7B2EA031A1BD12E00727A42 /* LaunchScreen.xib in Resources */ = {isa = PBXBuildFile; fileRef = F7B2EA011A1BD12E00727A42 /* LaunchScreen.xib */; };
		F7B2EA191A1BD19D00727A42 /* Realm.framework in Frameworks */ = {isa = PBXBuildFile; fileRef = F7B2EA181A1BD19D00727A42 /* Realm.framework */; };
		F7B2EA1C1A1BD1DE00727A42 /* libc++.dylib in Frameworks */ = {isa = PBXBuildFile; fileRef = F7B2EA1B1A1BD1DE00727A42 /* libc++.dylib */; };
/* End PBXBuildFile section */

/* Begin PBXFileReference section */
		F76C8B6E1A1BD45D00BDFBC8 /* VideoGame.h */ = {isa = PBXFileReference; fileEncoding = 4; lastKnownFileType = sourcecode.c.h; path = VideoGame.h; sourceTree = "<group>"; };
		F76C8B6F1A1BD45D00BDFBC8 /* VideoGame.m */ = {isa = PBXFileReference; fileEncoding = 4; lastKnownFileType = sourcecode.c.objc; path = VideoGame.m; sourceTree = "<group>"; };
		F76C8B741A1BDA2C00BDFBC8 /* TableViewController.h */ = {isa = PBXFileReference; fileEncoding = 4; lastKnownFileType = sourcecode.c.h; path = TableViewController.h; sourceTree = "<group>"; };
		F76C8B751A1BDA2C00BDFBC8 /* TableViewController.m */ = {isa = PBXFileReference; fileEncoding = 4; lastKnownFileType = sourcecode.c.objc; path = TableViewController.m; sourceTree = "<group>"; };
		F76C8B771A1BDDDA00BDFBC8 /* VideoGameCell.h */ = {isa = PBXFileReference; fileEncoding = 4; lastKnownFileType = sourcecode.c.h; path = VideoGameCell.h; sourceTree = "<group>"; };
		F76C8B781A1BDDDA00BDFBC8 /* VideoGameCell.m */ = {isa = PBXFileReference; fileEncoding = 4; lastKnownFileType = sourcecode.c.objc; path = VideoGameCell.m; sourceTree = "<group>"; };
		F7B2E9EF1A1BD12E00727A42 /* RealmDemo.app */ = {isa = PBXFileReference; explicitFileType = wrapper.application; includeInIndex = 0; path = RealmDemo.app; sourceTree = BUILT_PRODUCTS_DIR; };
		F7B2E9F31A1BD12E00727A42 /* Info.plist */ = {isa = PBXFileReference; lastKnownFileType = text.plist.xml; path = Info.plist; sourceTree = "<group>"; };
		F7B2E9F41A1BD12E00727A42 /* main.m */ = {isa = PBXFileReference; lastKnownFileType = sourcecode.c.objc; path = main.m; sourceTree = "<group>"; };
		F7B2E9F61A1BD12E00727A42 /* AppDelegate.h */ = {isa = PBXFileReference; lastKnownFileType = sourcecode.c.h; path = AppDelegate.h; sourceTree = "<group>"; };
		F7B2E9F71A1BD12E00727A42 /* AppDelegate.m */ = {isa = PBXFileReference; lastKnownFileType = sourcecode.c.objc; path = AppDelegate.m; sourceTree = "<group>"; };
		F7B2E9FD1A1BD12E00727A42 /* Base */ = {isa = PBXFileReference; lastKnownFileType = file.storyboard; name = Base; path = Base.lproj/Main.storyboard; sourceTree = "<group>"; };
		F7B2E9FF1A1BD12E00727A42 /* Images.xcassets */ = {isa = PBXFileReference; lastKnownFileType = folder.assetcatalog; path = Images.xcassets; sourceTree = "<group>"; };
		F7B2EA021A1BD12E00727A42 /* Base */ = {isa = PBXFileReference; lastKnownFileType = file.xib; name = Base; path = Base.lproj/LaunchScreen.xib; sourceTree = "<group>"; };
		F7B2EA181A1BD19D00727A42 /* Realm.framework */ = {isa = PBXFileReference; lastKnownFileType = wrapper.framework; path = Realm.framework; sourceTree = "<group>"; };
		F7B2EA1B1A1BD1DE00727A42 /* libc++.dylib */ = {isa = PBXFileReference; lastKnownFileType = "compiled.mach-o.dylib"; name = "libc++.dylib"; path = "usr/lib/libc++.dylib"; sourceTree = SDKROOT; };
/* End PBXFileReference section */

/* Begin PBXFrameworksBuildPhase section */
		F7B2E9EC1A1BD12E00727A42 /* Frameworks */ = {
			isa = PBXFrameworksBuildPhase;
			buildActionMask = 2147483647;
			files = (
				F7B2EA191A1BD19D00727A42 /* Realm.framework in Frameworks */,
				F7B2EA1C1A1BD1DE00727A42 /* libc++.dylib in Frameworks */,
			);
			runOnlyForDeploymentPostprocessing = 0;
		};
/* End PBXFrameworksBuildPhase section */

/* Begin PBXGroup section */
		F7B2E9E61A1BD12E00727A42 = {
			isa = PBXGroup;
			children = (
				F7B2E9F11A1BD12E00727A42 /* RealmDemo */,
				F7B2E9F01A1BD12E00727A42 /* Products */,
			);
			sourceTree = "<group>";
		};
		F7B2E9F01A1BD12E00727A42 /* Products */ = {
			isa = PBXGroup;
			children = (
				F7B2E9EF1A1BD12E00727A42 /* RealmDemo.app */,
			);
			name = Products;
			sourceTree = "<group>";
		};
		F7B2E9F11A1BD12E00727A42 /* RealmDemo */ = {
			isa = PBXGroup;
			children = (
				F7B2E9F61A1BD12E00727A42 /* AppDelegate.h */,
				F7B2E9F71A1BD12E00727A42 /* AppDelegate.m */,
				F76C8B741A1BDA2C00BDFBC8 /* TableViewController.h */,
				F76C8B751A1BDA2C00BDFBC8 /* TableViewController.m */,
				F76C8B6E1A1BD45D00BDFBC8 /* VideoGame.h */,
				F76C8B6F1A1BD45D00BDFBC8 /* VideoGame.m */,
				F76C8B771A1BDDDA00BDFBC8 /* VideoGameCell.h */,
				F76C8B781A1BDDDA00BDFBC8 /* VideoGameCell.m */,
				F7B2E9FC1A1BD12E00727A42 /* Main.storyboard */,
				F7B2E9FF1A1BD12E00727A42 /* Images.xcassets */,
				F7B2EA011A1BD12E00727A42 /* LaunchScreen.xib */,
				F7B2EA1A1A1BD1AE00727A42 /* Frameworks */,
				F7B2E9F21A1BD12E00727A42 /* Supporting Files */,
			);
			path = RealmDemo;
			sourceTree = "<group>";
		};
		F7B2E9F21A1BD12E00727A42 /* Supporting Files */ = {
			isa = PBXGroup;
			children = (
				F7B2E9F31A1BD12E00727A42 /* Info.plist */,
				F7B2E9F41A1BD12E00727A42 /* main.m */,
			);
			name = "Supporting Files";
			sourceTree = "<group>";
		};
		F7B2EA1A1A1BD1AE00727A42 /* Frameworks */ = {
			isa = PBXGroup;
			children = (
				F7B2EA181A1BD19D00727A42 /* Realm.framework */,
				F7B2EA1B1A1BD1DE00727A42 /* libc++.dylib */,
			);
			name = Frameworks;
			sourceTree = "<group>";
		};
/* End PBXGroup section */

/* Begin PBXNativeTarget section */
		F7B2E9EE1A1BD12E00727A42 /* RealmDemo */ = {
			isa = PBXNativeTarget;
			buildConfigurationList = F7B2EA121A1BD12E00727A42 /* Build configuration list for PBXNativeTarget "RealmDemo" */;
			buildPhases = (
				F7B2E9EB1A1BD12E00727A42 /* Sources */,
				F7B2E9EC1A1BD12E00727A42 /* Frameworks */,
				F7B2E9ED1A1BD12E00727A42 /* Resources */,
			);
			buildRules = (
			);
			dependencies = (
			);
			name = RealmDemo;
			productName = RealmDemo;
			productReference = F7B2E9EF1A1BD12E00727A42 /* RealmDemo.app */;
			productType = "com.apple.product-type.application";
		};
/* End PBXNativeTarget section */

/* Begin PBXProject section */
		F7B2E9E71A1BD12E00727A42 /* Project object */ = {
			isa = PBXProject;
			attributes = {
				LastUpgradeCheck = 0610;
				ORGANIZATIONNAME = "Patrick Adams";
				TargetAttributes = {
					F7B2E9EE1A1BD12E00727A42 = {
						CreatedOnToolsVersion = 6.1;
					};
				};
			};
			buildConfigurationList = F7B2E9EA1A1BD12E00727A42 /* Build configuration list for PBXProject "RealmDemo" */;
			compatibilityVersion = "Xcode 3.2";
			developmentRegion = English;
			hasScannedForEncodings = 0;
			knownRegions = (
				en,
				Base,
			);
			mainGroup = F7B2E9E61A1BD12E00727A42;
			productRefGroup = F7B2E9F01A1BD12E00727A42 /* Products */;
			projectDirPath = "";
			projectRoot = "";
			targets = (
				F7B2E9EE1A1BD12E00727A42 /* RealmDemo */,
			);
		};
/* End PBXProject section */

/* Begin PBXResourcesBuildPhase section */
		F7B2E9ED1A1BD12E00727A42 /* Resources */ = {
			isa = PBXResourcesBuildPhase;
			buildActionMask = 2147483647;
			files = (
				F7B2E9FE1A1BD12E00727A42 /* Main.storyboard in Resources */,
				F7B2EA031A1BD12E00727A42 /* LaunchScreen.xib in Resources */,
				F7B2EA001A1BD12E00727A42 /* Images.xcassets in Resources */,
			);
			runOnlyForDeploymentPostprocessing = 0;
		};
/* End PBXResourcesBuildPhase section */

/* Begin PBXSourcesBuildPhase section */
		F7B2E9EB1A1BD12E00727A42 /* Sources */ = {
			isa = PBXSourcesBuildPhase;
			buildActionMask = 2147483647;
			files = (
				F7B2E9F81A1BD12E00727A42 /* AppDelegate.m in Sources */,
				F7B2E9F51A1BD12E00727A42 /* main.m in Sources */,
				F76C8B701A1BD45D00BDFBC8 /* VideoGame.m in Sources */,
				F76C8B791A1BDDDA00BDFBC8 /* VideoGameCell.m in Sources */,
				F76C8B761A1BDA2C00BDFBC8 /* TableViewController.m in Sources */,
			);
			runOnlyForDeploymentPostprocessing = 0;
		};
/* End PBXSourcesBuildPhase section */

/* Begin PBXVariantGroup section */
		F7B2E9FC1A1BD12E00727A42 /* Main.storyboard */ = {
			isa = PBXVariantGroup;
			children = (
				F7B2E9FD1A1BD12E00727A42 /* Base */,
			);
			name = Main.storyboard;
			sourceTree = "<group>";
		};
		F7B2EA011A1BD12E00727A42 /* LaunchScreen.xib */ = {
			isa = PBXVariantGroup;
			children = (
				F7B2EA021A1BD12E00727A42 /* Base */,
			);
			name = LaunchScreen.xib;
			sourceTree = "<group>";
		};
/* End PBXVariantGroup section */

/* Begin XCBuildConfiguration section */
		F7B2EA101A1BD12E00727A42 /* Debug */ = {
			isa = XCBuildConfiguration;
			buildSettings = {
				ALWAYS_SEARCH_USER_PATHS = NO;
				CLANG_CXX_LANGUAGE_STANDARD = "gnu++0x";
				CLANG_CXX_LIBRARY = "libc++";
				CLANG_ENABLE_MODULES = YES;
				CLANG_ENABLE_OBJC_ARC = YES;
				CLANG_WARN_BOOL_CONVERSION = YES;
				CLANG_WARN_CONSTANT_CONVERSION = YES;
				CLANG_WARN_DIRECT_OBJC_ISA_USAGE = YES_ERROR;
				CLANG_WARN_EMPTY_BODY = YES;
				CLANG_WARN_ENUM_CONVERSION = YES;
				CLANG_WARN_INT_CONVERSION = YES;
				CLANG_WARN_OBJC_ROOT_CLASS = YES_ERROR;
				CLANG_WARN_UNREACHABLE_CODE = YES;
				CLANG_WARN__DUPLICATE_METHOD_MATCH = YES;
				"CODE_SIGN_IDENTITY[sdk=iphoneos*]" = "iPhone Developer";
				COPY_PHASE_STRIP = NO;
				ENABLE_STRICT_OBJC_MSGSEND = YES;
				GCC_C_LANGUAGE_STANDARD = gnu99;
				GCC_DYNAMIC_NO_PIC = NO;
				GCC_OPTIMIZATION_LEVEL = 0;
				GCC_PREPROCESSOR_DEFINITIONS = (
					"DEBUG=1",
					"$(inherited)",
				);
				GCC_SYMBOLS_PRIVATE_EXTERN = NO;
				GCC_WARN_64_TO_32_BIT_CONVERSION = YES;
				GCC_WARN_ABOUT_RETURN_TYPE = YES_ERROR;
				GCC_WARN_UNDECLARED_SELECTOR = YES;
				GCC_WARN_UNINITIALIZED_AUTOS = YES_AGGRESSIVE;
				GCC_WARN_UNUSED_FUNCTION = YES;
				GCC_WARN_UNUSED_VARIABLE = YES;
				IPHONEOS_DEPLOYMENT_TARGET = 8.1;
				MTL_ENABLE_DEBUG_INFO = YES;
				ONLY_ACTIVE_ARCH = YES;
				SDKROOT = iphoneos;
			};
			name = Debug;
		};
		F7B2EA111A1BD12E00727A42 /* Release */ = {
			isa = XCBuildConfiguration;
			buildSettings = {
				ALWAYS_SEARCH_USER_PATHS = NO;
				CLANG_CXX_LANGUAGE_STANDARD = "gnu++0x";
				CLANG_CXX_LIBRARY = "libc++";
				CLANG_ENABLE_MODULES = YES;
				CLANG_ENABLE_OBJC_ARC = YES;
				CLANG_WARN_BOOL_CONVERSION = YES;
				CLANG_WARN_CONSTANT_CONVERSION = YES;
				CLANG_WARN_DIRECT_OBJC_ISA_USAGE = YES_ERROR;
				CLANG_WARN_EMPTY_BODY = YES;
				CLANG_WARN_ENUM_CONVERSION = YES;
				CLANG_WARN_INT_CONVERSION = YES;
				CLANG_WARN_OBJC_ROOT_CLASS = YES_ERROR;
				CLANG_WARN_UNREACHABLE_CODE = YES;
				CLANG_WARN__DUPLICATE_METHOD_MATCH = YES;
				"CODE_SIGN_IDENTITY[sdk=iphoneos*]" = "iPhone Developer";
				COPY_PHASE_STRIP = YES;
				ENABLE_NS_ASSERTIONS = NO;
				ENABLE_STRICT_OBJC_MSGSEND = YES;
				GCC_C_LANGUAGE_STANDARD = gnu99;
				GCC_WARN_64_TO_32_BIT_CONVERSION = YES;
				GCC_WARN_ABOUT_RETURN_TYPE = YES_ERROR;
				GCC_WARN_UNDECLARED_SELECTOR = YES;
				GCC_WARN_UNINITIALIZED_AUTOS = YES_AGGRESSIVE;
				GCC_WARN_UNUSED_FUNCTION = YES;
				GCC_WARN_UNUSED_VARIABLE = YES;
				IPHONEOS_DEPLOYMENT_TARGET = 8.1;
				MTL_ENABLE_DEBUG_INFO = NO;
				SDKROOT = iphoneos;
				VALIDATE_PRODUCT = YES;
			};
			name = Release;
		};
		F7B2EA131A1BD12E00727A42 /* Debug */ = {
			isa = XCBuildConfiguration;
			buildSettings = {
				ASSETCATALOG_COMPILER_APPICON_NAME = AppIcon;
				FRAMEWORK_SEARCH_PATHS = (
					"$(inherited)",
					"$(PROJECT_DIR)/RealmDemo",
				);
				INFOPLIST_FILE = RealmDemo/Info.plist;
				LD_RUNPATH_SEARCH_PATHS = "$(inherited) @executable_path/Frameworks";
				PRODUCT_NAME = "$(TARGET_NAME)";
			};
			name = Debug;
		};
		F7B2EA141A1BD12E00727A42 /* Release */ = {
			isa = XCBuildConfiguration;
			buildSettings = {
				ASSETCATALOG_COMPILER_APPICON_NAME = AppIcon;
				FRAMEWORK_SEARCH_PATHS = (
					"$(inherited)",
					"$(PROJECT_DIR)/RealmDemo",
				);
				INFOPLIST_FILE = RealmDemo/Info.plist;
				LD_RUNPATH_SEARCH_PATHS = "$(inherited) @executable_path/Frameworks";
				PRODUCT_NAME = "$(TARGET_NAME)";
			};
			name = Release;
		};
/* End XCBuildConfiguration section */

/* Begin XCConfigurationList section */
		F7B2E9EA1A1BD12E00727A42 /* Build configuration list for PBXProject "RealmDemo" */ = {
			isa = XCConfigurationList;
			buildConfigurations = (
				F7B2EA101A1BD12E00727A42 /* Debug */,
				F7B2EA111A1BD12E00727A42 /* Release */,
			);
			defaultConfigurationIsVisible = 0;
			defaultConfigurationName = Release;
		};
		F7B2EA121A1BD12E00727A42 /* Build configuration list for PBXNativeTarget "RealmDemo" */ = {
			isa = XCConfigurationList;
			buildConfigurations = (
				F7B2EA131A1BD12E00727A42 /* Debug */,
				F7B2EA141A1BD12E00727A42 /* Release */,
			);
			defaultConfigurationIsVisible = 0;
			defaultConfigurationName = Release;
		};
/* End XCConfigurationList section */
	};
	rootObject = F7B2E9E71A1BD12E00727A42 /* Project object */;
}
